
Microsoft Visual Studio Solution File, Format Version 12.00
# Visual Studio Version 16
VisualStudioVersion = 16.0.29709.97
MinimumVisualStudioVersion = 10.0.40219.1
Project("{FAE04EC0-301F-11D3-BF4B-00C04F79EFBC}") = "MyFirstConsoleApp", "MyFirstConsoleApp.csproj", "{D1B06D77-9235-4159-9BAE-E8D28447DCAC}"
EndProject
Global
	GlobalSection(SolutionConfigurationPlatforms) = preSolution
		Debug|Any CPU = Debug|Any CPU
		Release|Any CPU = Release|Any CPU
	EndGlobalSection
	GlobalSection(ProjectConfigurationPlatforms) = postSolution
		{D1B06D77-9235-4159-9BAE-E8D28447DCAC}.Debug|Any CPU.ActiveCfg = Debug|Any CPU
		{D1B06D77-9235-4159-9BAE-E8D28447DCAC}.Debug|Any CPU.Build.0 = Debug|Any CPU
		{D1B06D77-9235-4159-9BAE-E8D28447DCAC}.Release|Any CPU.ActiveCfg = Release|Any CPU
		{D1B06D77-9235-4159-9BAE-E8D28447DCAC}.Release|Any CPU.Build.0 = Release|Any CPU
	EndGlobalSection
	GlobalSection(SolutionProperties) = preSolution
		HideSolutionNode = FALSE
	EndGlobalSection
	GlobalSection(ExtensibilityGlobals) = postSolution
		SolutionGuid = {0ABE0BC7-94AD-45A9-99D0-769890A3CC26}
	EndGlobalSection
EndGlobal
